
Microsoft Visual Studio Solution File, Format Version 12.00
# Visual Studio Version 16
VisualStudioVersion = 16.0.30611.23
MinimumVisualStudioVersion = 10.0.40219.1
Project("{9A19103F-16F7-4668-BE54-9A1E7A4F7556}") = "Basic Algorithms - Exercise", "Basic Algorithms - Exercise\Basic Algorithms - Exercise.csproj", "{2ED03D3F-92D8-4185-88FF-C33ADA5F62B7}"
EndProject
Project("{9A19103F-16F7-4668-BE54-9A1E7A4F7556}") = "01. Recursive Array Sum", "01. Recursive Array Sum\01. Recursive Array Sum.csproj", "{F409FAE9-99E6-47B7-B270-BD1FF305AD9D}"
EndProject
Project("{9A19103F-16F7-4668-BE54-9A1E7A4F7556}") = "02. Recursive Factorial", "02. Recursive Factorial\02. Recursive Factorial.csproj", "{ABC77E86-3B74-4715-B6C6-3318FD8D5A97}"
EndProject
Global
	GlobalSection(SolutionConfigurationPlatforms) = preSolution
		Debug|Any CPU = Debug|Any CPU
		Release|Any CPU = Release|Any CPU
	EndGlobalSection
	GlobalSection(ProjectConfigurationPlatforms) = postSolution
		{2ED03D3F-92D8-4185-88FF-C33ADA5F62B7}.Debug|Any CPU.ActiveCfg = Debug|Any CPU
		{2ED03D3F-92D8-4185-88FF-C33ADA5F62B7}.Debug|Any CPU.Build.0 = Debug|Any CPU
		{2ED03D3F-92D8-4185-88FF-C33ADA5F62B7}.Release|Any CPU.ActiveCfg = Release|Any CPU
		{2ED03D3F-92D8-4185-88FF-C33ADA5F62B7}.Release|Any CPU.Build.0 = Release|Any CPU
		{F409FAE9-99E6-47B7-B270-BD1FF305AD9D}.Debug|Any CPU.ActiveCfg = Debug|Any CPU
		{F409FAE9-99E6-47B7-B270-BD1FF305AD9D}.Debug|Any CPU.Build.0 = Debug|Any CPU
		{F409FAE9-99E6-47B7-B270-BD1FF305AD9D}.Release|Any CPU.ActiveCfg = Release|Any CPU
		{F409FAE9-99E6-47B7-B270-BD1FF305AD9D}.Release|Any CPU.Build.0 = Release|Any CPU
		{ABC77E86-3B74-4715-B6C6-3318FD8D5A97}.Debug|Any CPU.ActiveCfg = Debug|Any CPU
		{ABC77E86-3B74-4715-B6C6-3318FD8D5A97}.Debug|Any CPU.Build.0 = Debug|Any CPU
		{ABC77E86-3B74-4715-B6C6-3318FD8D5A97}.Release|Any CPU.ActiveCfg = Release|Any CPU
		{ABC77E86-3B74-4715-B6C6-3318FD8D5A97}.Release|Any CPU.Build.0 = Release|Any CPU
	EndGlobalSection
	GlobalSection(SolutionProperties) = preSolution
		HideSolutionNode = FALSE
	EndGlobalSection
	GlobalSection(ExtensibilityGlobals) = postSolution
		SolutionGuid = {D405BCC6-ED94-409E-905B-7913F9AD7066}
	EndGlobalSection
EndGlobal
