
Microsoft Visual Studio Solution File, Format Version 12.00
# Visual Studio Version 16
VisualStudioVersion = 16.0.30517.126
MinimumVisualStudioVersion = 10.0.40219.1
Project("{FAE04EC0-301F-11D3-BF4B-00C04F79EFBC}") = "Sets and Dictionaries Advanced - Lab", "Sets and Dictionaries Advanced - Lab\Sets and Dictionaries Advanced - Lab.csproj", "{3E68FFDB-1AF0-4FE7-AC61-6E6AF1082C91}"
EndProject
Project("{FAE04EC0-301F-11D3-BF4B-00C04F79EFBC}") = "01. Count Same Values in Array", "01. Count Same Values in Array\01. Count Same Values in Array.csproj", "{F9FBC140-5512-4576-98BA-25FB81ACACBA}"
EndProject
Project("{FAE04EC0-301F-11D3-BF4B-00C04F79EFBC}") = "02. Average Student Grades", "02. Average Student Grades\02. Average Student Grades.csproj", "{5184377A-1093-48BB-861F-5736F099E5B8}"
EndProject
Project("{FAE04EC0-301F-11D3-BF4B-00C04F79EFBC}") = "03. Product Shop", "03. Product Shop\03. Product Shop.csproj", "{95C99CAB-2F84-4E33-B703-B392A97564E0}"
EndProject
Project("{FAE04EC0-301F-11D3-BF4B-00C04F79EFBC}") = "04. Cities by Continent and Country", "04. Cities by Continent and Country\04. Cities by Continent and Country.csproj", "{A4EF52AA-050F-42C3-B28E-F101146B1C88}"
EndProject
Project("{FAE04EC0-301F-11D3-BF4B-00C04F79EFBC}") = "05. Record Unique Names", "05. Record Unique Names\05. Record Unique Names.csproj", "{1F718DF0-14F5-42CB-9317-575FFDD9A830}"
EndProject
Project("{FAE04EC0-301F-11D3-BF4B-00C04F79EFBC}") = "06. Parking Lot", "06. Parking Lot\06. Parking Lot.csproj", "{5A69E87B-0D22-4743-BF5D-C293564F7069}"
EndProject
Project("{FAE04EC0-301F-11D3-BF4B-00C04F79EFBC}") = "07. SoftUni Party", "07. SoftUni Party\07. SoftUni Party.csproj", "{A940D43B-22C4-4EFE-B6F9-7B004A7B09CC}"
EndProject
Global
	GlobalSection(SolutionConfigurationPlatforms) = preSolution
		Debug|Any CPU = Debug|Any CPU
		Release|Any CPU = Release|Any CPU
	EndGlobalSection
	GlobalSection(ProjectConfigurationPlatforms) = postSolution
		{3E68FFDB-1AF0-4FE7-AC61-6E6AF1082C91}.Debug|Any CPU.ActiveCfg = Debug|Any CPU
		{3E68FFDB-1AF0-4FE7-AC61-6E6AF1082C91}.Debug|Any CPU.Build.0 = Debug|Any CPU
		{3E68FFDB-1AF0-4FE7-AC61-6E6AF1082C91}.Release|Any CPU.ActiveCfg = Release|Any CPU
		{3E68FFDB-1AF0-4FE7-AC61-6E6AF1082C91}.Release|Any CPU.Build.0 = Release|Any CPU
		{F9FBC140-5512-4576-98BA-25FB81ACACBA}.Debug|Any CPU.ActiveCfg = Debug|Any CPU
		{F9FBC140-5512-4576-98BA-25FB81ACACBA}.Debug|Any CPU.Build.0 = Debug|Any CPU
		{F9FBC140-5512-4576-98BA-25FB81ACACBA}.Release|Any CPU.ActiveCfg = Release|Any CPU
		{F9FBC140-5512-4576-98BA-25FB81ACACBA}.Release|Any CPU.Build.0 = Release|Any CPU
		{5184377A-1093-48BB-861F-5736F099E5B8}.Debug|Any CPU.ActiveCfg = Debug|Any CPU
		{5184377A-1093-48BB-861F-5736F099E5B8}.Debug|Any CPU.Build.0 = Debug|Any CPU
		{5184377A-1093-48BB-861F-5736F099E5B8}.Release|Any CPU.ActiveCfg = Release|Any CPU
		{5184377A-1093-48BB-861F-5736F099E5B8}.Release|Any CPU.Build.0 = Release|Any CPU
		{95C99CAB-2F84-4E33-B703-B392A97564E0}.Debug|Any CPU.ActiveCfg = Debug|Any CPU
		{95C99CAB-2F84-4E33-B703-B392A97564E0}.Debug|Any CPU.Build.0 = Debug|Any CPU
		{95C99CAB-2F84-4E33-B703-B392A97564E0}.Release|Any CPU.ActiveCfg = Release|Any CPU
		{95C99CAB-2F84-4E33-B703-B392A97564E0}.Release|Any CPU.Build.0 = Release|Any CPU
		{A4EF52AA-050F-42C3-B28E-F101146B1C88}.Debug|Any CPU.ActiveCfg = Debug|Any CPU
		{A4EF52AA-050F-42C3-B28E-F101146B1C88}.Debug|Any CPU.Build.0 = Debug|Any CPU
		{A4EF52AA-050F-42C3-B28E-F101146B1C88}.Release|Any CPU.ActiveCfg = Release|Any CPU
		{A4EF52AA-050F-42C3-B28E-F101146B1C88}.Release|Any CPU.Build.0 = Release|Any CPU
		{1F718DF0-14F5-42CB-9317-575FFDD9A830}.Debug|Any CPU.ActiveCfg = Debug|Any CPU
		{1F718DF0-14F5-42CB-9317-575FFDD9A830}.Debug|Any CPU.Build.0 = Debug|Any CPU
		{1F718DF0-14F5-42CB-9317-575FFDD9A830}.Release|Any CPU.ActiveCfg = Release|Any CPU
		{1F718DF0-14F5-42CB-9317-575FFDD9A830}.Release|Any CPU.Build.0 = Release|Any CPU
		{5A69E87B-0D22-4743-BF5D-C293564F7069}.Debug|Any CPU.ActiveCfg = Debug|Any CPU
		{5A69E87B-0D22-4743-BF5D-C293564F7069}.Debug|Any CPU.Build.0 = Debug|Any CPU
		{5A69E87B-0D22-4743-BF5D-C293564F7069}.Release|Any CPU.ActiveCfg = Release|Any CPU
		{5A69E87B-0D22-4743-BF5D-C293564F7069}.Release|Any CPU.Build.0 = Release|Any CPU
		{A940D43B-22C4-4EFE-B6F9-7B004A7B09CC}.Debug|Any CPU.ActiveCfg = Debug|Any CPU
		{A940D43B-22C4-4EFE-B6F9-7B004A7B09CC}.Debug|Any CPU.Build.0 = Debug|Any CPU
		{A940D43B-22C4-4EFE-B6F9-7B004A7B09CC}.Release|Any CPU.ActiveCfg = Release|Any CPU
		{A940D43B-22C4-4EFE-B6F9-7B004A7B09CC}.Release|Any CPU.Build.0 = Release|Any CPU
	EndGlobalSection
	GlobalSection(SolutionProperties) = preSolution
		HideSolutionNode = FALSE
	EndGlobalSection
	GlobalSection(ExtensibilityGlobals) = postSolution
		SolutionGuid = {5B6B82E2-3D47-412A-A763-223AE7681E98}
	EndGlobalSection
EndGlobal
